// !$*UTF8*$!
{
	archiveVersion = 1;
	classes = {
	};
	objectVersion = 56;
	objects = {

/* Begin PBXBuildFile section */
		4FA1AB5E2A43A559000A41DC /* SF-Pro-Display-Thin.otf in Resources */ = {isa = PBXBuildFile; fileRef = 4FA1AB4A2A43A559000A41DC /* SF-Pro-Display-Thin.otf */; };
		4FA1AB5F2A43A559000A41DC /* SF-Pro-Display-SemiboldItalic.otf in Resources */ = {isa = PBXBuildFile; fileRef = 4FA1AB4B2A43A559000A41DC /* SF-Pro-Display-SemiboldItalic.otf */; };
		4FA1AB612A43A559000A41DC /* SF-Pro-Display-RegularItalic.otf in Resources */ = {isa = PBXBuildFile; fileRef = 4FA1AB4D2A43A559000A41DC /* SF-Pro-Display-RegularItalic.otf */; };
		4FA1AB622A43A559000A41DC /* SF-Pro-Display-Light.otf in Resources */ = {isa = PBXBuildFile; fileRef = 4FA1AB4E2A43A559000A41DC /* SF-Pro-Display-Light.otf */; };
		4FA1AB632A43A559000A41DC /* SF-Pro-Display-Regular.otf in Resources */ = {isa = PBXBuildFile; fileRef = 4FA1AB4F2A43A559000A41DC /* SF-Pro-Display-Regular.otf */; };
		4FA1AB642A43A559000A41DC /* SF-Pro-Display-Bold.otf in Resources */ = {isa = PBXBuildFile; fileRef = 4FA1AB502A43A559000A41DC /* SF-Pro-Display-Bold.otf */; };
		4FA1AB652A43A559000A41DC /* SF-Pro-Display-Medium.otf in Resources */ = {isa = PBXBuildFile; fileRef = 4FA1AB512A43A559000A41DC /* SF-Pro-Display-Medium.otf */; };
		4FA1AB662A43A559000A41DC /* SF-Pro-Display-Heavy.otf in Resources */ = {isa = PBXBuildFile; fileRef = 4FA1AB522A43A559000A41DC /* SF-Pro-Display-Heavy.otf */; };
		4FA1AB672A43A559000A41DC /* SF-Pro-Display-Semibold.otf in Resources */ = {isa = PBXBuildFile; fileRef = 4FA1AB532A43A559000A41DC /* SF-Pro-Display-Semibold.otf */; };
		4FA1AB682A43A559000A41DC /* SF-Pro-Display-MediumItalic.otf in Resources */ = {isa = PBXBuildFile; fileRef = 4FA1AB542A43A559000A41DC /* SF-Pro-Display-MediumItalic.otf */; };
		4FA1AB692A43A559000A41DC /* SF-Pro-Display-HeavyItalic.otf in Resources */ = {isa = PBXBuildFile; fileRef = 4FA1AB552A43A559000A41DC /* SF-Pro-Display-HeavyItalic.otf */; };
		4FA1AB6A2A43A559000A41DC /* SF-Pro-Display-Ultralight.otf in Resources */ = {isa = PBXBuildFile; fileRef = 4FA1AB562A43A559000A41DC /* SF-Pro-Display-Ultralight.otf */; };
		4FA1AB6B2A43A559000A41DC /* SF-Pro-Display-UltralightItalic.otf in Resources */ = {isa = PBXBuildFile; fileRef = 4FA1AB572A43A559000A41DC /* SF-Pro-Display-UltralightItalic.otf */; };
		4FA1AB6C2A43A559000A41DC /* SF-Pro-Display-LightItalic.otf in Resources */ = {isa = PBXBuildFile; fileRef = 4FA1AB582A43A559000A41DC /* SF-Pro-Display-LightItalic.otf */; };
		4FA1AB6D2A43A559000A41DC /* SF-Pro-Display-BlackItalic.otf in Resources */ = {isa = PBXBuildFile; fileRef = 4FA1AB592A43A559000A41DC /* SF-Pro-Display-BlackItalic.otf */; };
		4FA1AB6E2A43A559000A41DC /* SF-Pro-Display-Black.otf in Resources */ = {isa = PBXBuildFile; fileRef = 4FA1AB5A2A43A559000A41DC /* SF-Pro-Display-Black.otf */; };
		4FA1AB702A43A559000A41DC /* SF-Pro-Display-ThinItalic.otf in Resources */ = {isa = PBXBuildFile; fileRef = 4FA1AB5C2A43A559000A41DC /* SF-Pro-Display-ThinItalic.otf */; };
		4FA1AB712A43A559000A41DC /* SF-Pro-Display-BoldItalic.otf in Resources */ = {isa = PBXBuildFile; fileRef = 4FA1AB5D2A43A559000A41DC /* SF-Pro-Display-BoldItalic.otf */; };
		4FA1AB812A44EEDD000A41DC /* SFProText-Medium.ttf in Resources */ = {isa = PBXBuildFile; fileRef = 4FA1AB732A44EEDD000A41DC /* SFProText-Medium.ttf */; };
		4FA1AB822A44EEDD000A41DC /* SFProText-Heavy.ttf in Resources */ = {isa = PBXBuildFile; fileRef = 4FA1AB742A44EEDD000A41DC /* SFProText-Heavy.ttf */; };
		4FA1AB842A44EEDD000A41DC /* SFProText-RegularItalic.ttf in Resources */ = {isa = PBXBuildFile; fileRef = 4FA1AB762A44EEDD000A41DC /* SFProText-RegularItalic.ttf */; };
		4FA1AB852A44EEDD000A41DC /* SFProText-Semibold.ttf in Resources */ = {isa = PBXBuildFile; fileRef = 4FA1AB772A44EEDD000A41DC /* SFProText-Semibold.ttf */; };
		4FA1AB862A44EEDD000A41DC /* SFProText-Regular.ttf in Resources */ = {isa = PBXBuildFile; fileRef = 4FA1AB782A44EEDD000A41DC /* SFProText-Regular.ttf */; };
		4FA1AB872A44EEDD000A41DC /* SFProText-BoldItalic.ttf in Resources */ = {isa = PBXBuildFile; fileRef = 4FA1AB792A44EEDD000A41DC /* SFProText-BoldItalic.ttf */; };
		4FA1AB882A44EEDD000A41DC /* SFProText-MediumItalic.ttf in Resources */ = {isa = PBXBuildFile; fileRef = 4FA1AB7A2A44EEDD000A41DC /* SFProText-MediumItalic.ttf */; };
		4FA1AB892A44EEDD000A41DC /* SFProText-LightItalic.ttf in Resources */ = {isa = PBXBuildFile; fileRef = 4FA1AB7B2A44EEDD000A41DC /* SFProText-LightItalic.ttf */; };
		4FA1AB8A2A44EEDD000A41DC /* SFProText-Light.ttf in Resources */ = {isa = PBXBuildFile; fileRef = 4FA1AB7C2A44EEDD000A41DC /* SFProText-Light.ttf */; };
		4FA1AB8B2A44EEDD000A41DC /* SFProText-HeavyItalic.ttf in Resources */ = {isa = PBXBuildFile; fileRef = 4FA1AB7D2A44EEDD000A41DC /* SFProText-HeavyItalic.ttf */; };
		4FA1AB8C2A44EEDD000A41DC /* SFProText-SemiboldItalic.ttf in Resources */ = {isa = PBXBuildFile; fileRef = 4FA1AB7E2A44EEDD000A41DC /* SFProText-SemiboldItalic.ttf */; };
		4FA1AB8E2A44EEDD000A41DC /* SFProText-Bold.ttf in Resources */ = {isa = PBXBuildFile; fileRef = 4FA1AB802A44EEDD000A41DC /* SFProText-Bold.ttf */; };
		4FA1AB902A44F0E9000A41DC /* Assets.xcassets in Resources */ = {isa = PBXBuildFile; fileRef = 4FA1AB8F2A44F0E9000A41DC /* Assets.xcassets */; };
		4FA1ABF82A44FBEC000A41DC /* Main.storyboard in Resources */ = {isa = PBXBuildFile; fileRef = 4FA1ABF62A44FBEC000A41DC /* Main.storyboard */; };
		4FB1DC1C2A3A539E00FC6C25 /* AppDelegate.swift in Sources */ = {isa = PBXBuildFile; fileRef = 4FB1DC1B2A3A539E00FC6C25 /* AppDelegate.swift */; };
		4FB1DC1E2A3A539E00FC6C25 /* SceneDelegate.swift in Sources */ = {isa = PBXBuildFile; fileRef = 4FB1DC1D2A3A539E00FC6C25 /* SceneDelegate.swift */; };
		4FB1DC202A3A539E00FC6C25 /* ViewController.swift in Sources */ = {isa = PBXBuildFile; fileRef = 4FB1DC1F2A3A539E00FC6C25 /* ViewController.swift */; };
		4FB1DC282A3A53A000FC6C25 /* LaunchScreen.storyboard in Resources */ = {isa = PBXBuildFile; fileRef = 4FB1DC262A3A53A000FC6C25 /* LaunchScreen.storyboard */; };
		4FB1DC332A3A53A000FC6C25 /* TodoItemTests.swift in Sources */ = {isa = PBXBuildFile; fileRef = 4FB1DC322A3A53A000FC6C25 /* TodoItemTests.swift */; };
		4FB1DC3D2A3A53A000FC6C25 /* TodoItemUITests.swift in Sources */ = {isa = PBXBuildFile; fileRef = 4FB1DC3C2A3A53A000FC6C25 /* TodoItemUITests.swift */; };
		4FB1DC3F2A3A53A000FC6C25 /* TodoItemUITestsLaunchTests.swift in Sources */ = {isa = PBXBuildFile; fileRef = 4FB1DC3E2A3A53A000FC6C25 /* TodoItemUITestsLaunchTests.swift */; };
		4FB1DC4D2A3A57AB00FC6C25 /* TodoItemModel.swift in Sources */ = {isa = PBXBuildFile; fileRef = 4FB1DC4C2A3A57AB00FC6C25 /* TodoItemModel.swift */; };
		4FB1DC502A3B1FEB00FC6C25 /* FileCache.swift in Sources */ = {isa = PBXBuildFile; fileRef = 4FB1DC4F2A3B1FEB00FC6C25 /* FileCache.swift */; };
/* End PBXBuildFile section */

/* Begin PBXContainerItemProxy section */
		4FB1DC2F2A3A53A000FC6C25 /* PBXContainerItemProxy */ = {
			isa = PBXContainerItemProxy;
			containerPortal = 4FB1DC102A3A539E00FC6C25 /* Project object */;
			proxyType = 1;
			remoteGlobalIDString = 4FB1DC172A3A539E00FC6C25;
			remoteInfo = TodoItem;
		};
		4FB1DC392A3A53A000FC6C25 /* PBXContainerItemProxy */ = {
			isa = PBXContainerItemProxy;
			containerPortal = 4FB1DC102A3A539E00FC6C25 /* Project object */;
			proxyType = 1;
			remoteGlobalIDString = 4FB1DC172A3A539E00FC6C25;
			remoteInfo = TodoItem;
		};
/* End PBXContainerItemProxy section */

/* Begin PBXFileReference section */
		4FA1AB4A2A43A559000A41DC /* SF-Pro-Display-Thin.otf */ = {isa = PBXFileReference; lastKnownFileType = file; path = "SF-Pro-Display-Thin.otf"; sourceTree = "<group>"; };
		4FA1AB4B2A43A559000A41DC /* SF-Pro-Display-SemiboldItalic.otf */ = {isa = PBXFileReference; lastKnownFileType = file; path = "SF-Pro-Display-SemiboldItalic.otf"; sourceTree = "<group>"; };
		4FA1AB4D2A43A559000A41DC /* SF-Pro-Display-RegularItalic.otf */ = {isa = PBXFileReference; lastKnownFileType = file; path = "SF-Pro-Display-RegularItalic.otf"; sourceTree = "<group>"; };
		4FA1AB4E2A43A559000A41DC /* SF-Pro-Display-Light.otf */ = {isa = PBXFileReference; lastKnownFileType = file; path = "SF-Pro-Display-Light.otf"; sourceTree = "<group>"; };
		4FA1AB4F2A43A559000A41DC /* SF-Pro-Display-Regular.otf */ = {isa = PBXFileReference; lastKnownFileType = file; path = "SF-Pro-Display-Regular.otf"; sourceTree = "<group>"; };
		4FA1AB502A43A559000A41DC /* SF-Pro-Display-Bold.otf */ = {isa = PBXFileReference; lastKnownFileType = file; path = "SF-Pro-Display-Bold.otf"; sourceTree = "<group>"; };
		4FA1AB512A43A559000A41DC /* SF-Pro-Display-Medium.otf */ = {isa = PBXFileReference; lastKnownFileType = file; path = "SF-Pro-Display-Medium.otf"; sourceTree = "<group>"; };
		4FA1AB522A43A559000A41DC /* SF-Pro-Display-Heavy.otf */ = {isa = PBXFileReference; lastKnownFileType = file; path = "SF-Pro-Display-Heavy.otf"; sourceTree = "<group>"; };
		4FA1AB532A43A559000A41DC /* SF-Pro-Display-Semibold.otf */ = {isa = PBXFileReference; lastKnownFileType = file; path = "SF-Pro-Display-Semibold.otf"; sourceTree = "<group>"; };
		4FA1AB542A43A559000A41DC /* SF-Pro-Display-MediumItalic.otf */ = {isa = PBXFileReference; lastKnownFileType = file; path = "SF-Pro-Display-MediumItalic.otf"; sourceTree = "<group>"; };
		4FA1AB552A43A559000A41DC /* SF-Pro-Display-HeavyItalic.otf */ = {isa = PBXFileReference; lastKnownFileType = file; path = "SF-Pro-Display-HeavyItalic.otf"; sourceTree = "<group>"; };
		4FA1AB562A43A559000A41DC /* SF-Pro-Display-Ultralight.otf */ = {isa = PBXFileReference; lastKnownFileType = file; path = "SF-Pro-Display-Ultralight.otf"; sourceTree = "<group>"; };
		4FA1AB572A43A559000A41DC /* SF-Pro-Display-UltralightItalic.otf */ = {isa = PBXFileReference; lastKnownFileType = file; path = "SF-Pro-Display-UltralightItalic.otf"; sourceTree = "<group>"; };
		4FA1AB582A43A559000A41DC /* SF-Pro-Display-LightItalic.otf */ = {isa = PBXFileReference; lastKnownFileType = file; path = "SF-Pro-Display-LightItalic.otf"; sourceTree = "<group>"; };
		4FA1AB592A43A559000A41DC /* SF-Pro-Display-BlackItalic.otf */ = {isa = PBXFileReference; lastKnownFileType = file; path = "SF-Pro-Display-BlackItalic.otf"; sourceTree = "<group>"; };
		4FA1AB5A2A43A559000A41DC /* SF-Pro-Display-Black.otf */ = {isa = PBXFileReference; lastKnownFileType = file; path = "SF-Pro-Display-Black.otf"; sourceTree = "<group>"; };
		4FA1AB5C2A43A559000A41DC /* SF-Pro-Display-ThinItalic.otf */ = {isa = PBXFileReference; lastKnownFileType = file; path = "SF-Pro-Display-ThinItalic.otf"; sourceTree = "<group>"; };
		4FA1AB5D2A43A559000A41DC /* SF-Pro-Display-BoldItalic.otf */ = {isa = PBXFileReference; lastKnownFileType = file; path = "SF-Pro-Display-BoldItalic.otf"; sourceTree = "<group>"; };
		4FA1AB732A44EEDD000A41DC /* SFProText-Medium.ttf */ = {isa = PBXFileReference; lastKnownFileType = file; path = "SFProText-Medium.ttf"; sourceTree = "<group>"; };
		4FA1AB742A44EEDD000A41DC /* SFProText-Heavy.ttf */ = {isa = PBXFileReference; lastKnownFileType = file; path = "SFProText-Heavy.ttf"; sourceTree = "<group>"; };
		4FA1AB762A44EEDD000A41DC /* SFProText-RegularItalic.ttf */ = {isa = PBXFileReference; lastKnownFileType = file; path = "SFProText-RegularItalic.ttf"; sourceTree = "<group>"; };
		4FA1AB772A44EEDD000A41DC /* SFProText-Semibold.ttf */ = {isa = PBXFileReference; lastKnownFileType = file; path = "SFProText-Semibold.ttf"; sourceTree = "<group>"; };
		4FA1AB782A44EEDD000A41DC /* SFProText-Regular.ttf */ = {isa = PBXFileReference; lastKnownFileType = file; path = "SFProText-Regular.ttf"; sourceTree = "<group>"; };
		4FA1AB792A44EEDD000A41DC /* SFProText-BoldItalic.ttf */ = {isa = PBXFileReference; lastKnownFileType = file; path = "SFProText-BoldItalic.ttf"; sourceTree = "<group>"; };
		4FA1AB7A2A44EEDD000A41DC /* SFProText-MediumItalic.ttf */ = {isa = PBXFileReference; lastKnownFileType = file; path = "SFProText-MediumItalic.ttf"; sourceTree = "<group>"; };
		4FA1AB7B2A44EEDD000A41DC /* SFProText-LightItalic.ttf */ = {isa = PBXFileReference; lastKnownFileType = file; path = "SFProText-LightItalic.ttf"; sourceTree = "<group>"; };
		4FA1AB7C2A44EEDD000A41DC /* SFProText-Light.ttf */ = {isa = PBXFileReference; lastKnownFileType = file; path = "SFProText-Light.ttf"; sourceTree = "<group>"; };
		4FA1AB7D2A44EEDD000A41DC /* SFProText-HeavyItalic.ttf */ = {isa = PBXFileReference; lastKnownFileType = file; path = "SFProText-HeavyItalic.ttf"; sourceTree = "<group>"; };
		4FA1AB7E2A44EEDD000A41DC /* SFProText-SemiboldItalic.ttf */ = {isa = PBXFileReference; lastKnownFileType = file; path = "SFProText-SemiboldItalic.ttf"; sourceTree = "<group>"; };
		4FA1AB802A44EEDD000A41DC /* SFProText-Bold.ttf */ = {isa = PBXFileReference; lastKnownFileType = file; path = "SFProText-Bold.ttf"; sourceTree = "<group>"; };
		4FA1AB8F2A44F0E9000A41DC /* Assets.xcassets */ = {isa = PBXFileReference; lastKnownFileType = folder.assetcatalog; path = Assets.xcassets; sourceTree = "<group>"; };
		4FA1ABF72A44FBEC000A41DC /* Base */ = {isa = PBXFileReference; lastKnownFileType = file.storyboard; name = Base; path = Base.lproj/Main.storyboard; sourceTree = "<group>"; };
		4FB1DC182A3A539E00FC6C25 /* TodoItem.app */ = {isa = PBXFileReference; explicitFileType = wrapper.application; includeInIndex = 0; path = TodoItem.app; sourceTree = BUILT_PRODUCTS_DIR; };
		4FB1DC1B2A3A539E00FC6C25 /* AppDelegate.swift */ = {isa = PBXFileReference; lastKnownFileType = sourcecode.swift; path = AppDelegate.swift; sourceTree = "<group>"; };
		4FB1DC1D2A3A539E00FC6C25 /* SceneDelegate.swift */ = {isa = PBXFileReference; lastKnownFileType = sourcecode.swift; path = SceneDelegate.swift; sourceTree = "<group>"; };
		4FB1DC1F2A3A539E00FC6C25 /* ViewController.swift */ = {isa = PBXFileReference; lastKnownFileType = sourcecode.swift; path = ViewController.swift; sourceTree = "<group>"; };
		4FB1DC272A3A53A000FC6C25 /* Base */ = {isa = PBXFileReference; lastKnownFileType = file.storyboard; name = Base; path = Base.lproj/LaunchScreen.storyboard; sourceTree = "<group>"; };
		4FB1DC292A3A53A000FC6C25 /* Info.plist */ = {isa = PBXFileReference; lastKnownFileType = text.plist.xml; path = Info.plist; sourceTree = "<group>"; };
		4FB1DC2E2A3A53A000FC6C25 /* TodoItemTests.xctest */ = {isa = PBXFileReference; explicitFileType = wrapper.cfbundle; includeInIndex = 0; path = TodoItemTests.xctest; sourceTree = BUILT_PRODUCTS_DIR; };
		4FB1DC322A3A53A000FC6C25 /* TodoItemTests.swift */ = {isa = PBXFileReference; lastKnownFileType = sourcecode.swift; path = TodoItemTests.swift; sourceTree = "<group>"; };
		4FB1DC382A3A53A000FC6C25 /* TodoItemUITests.xctest */ = {isa = PBXFileReference; explicitFileType = wrapper.cfbundle; includeInIndex = 0; path = TodoItemUITests.xctest; sourceTree = BUILT_PRODUCTS_DIR; };
		4FB1DC3C2A3A53A000FC6C25 /* TodoItemUITests.swift */ = {isa = PBXFileReference; lastKnownFileType = sourcecode.swift; path = TodoItemUITests.swift; sourceTree = "<group>"; };
		4FB1DC3E2A3A53A000FC6C25 /* TodoItemUITestsLaunchTests.swift */ = {isa = PBXFileReference; lastKnownFileType = sourcecode.swift; path = TodoItemUITestsLaunchTests.swift; sourceTree = "<group>"; };
		4FB1DC4C2A3A57AB00FC6C25 /* TodoItemModel.swift */ = {isa = PBXFileReference; lastKnownFileType = sourcecode.swift; path = TodoItemModel.swift; sourceTree = "<group>"; };
		4FB1DC4F2A3B1FEB00FC6C25 /* FileCache.swift */ = {isa = PBXFileReference; lastKnownFileType = sourcecode.swift; path = FileCache.swift; sourceTree = "<group>"; };
/* End PBXFileReference section */

/* Begin PBXFrameworksBuildPhase section */
		4FB1DC152A3A539E00FC6C25 /* Frameworks */ = {
			isa = PBXFrameworksBuildPhase;
			buildActionMask = 2147483647;
			files = (
			);
			runOnlyForDeploymentPostprocessing = 0;
		};
		4FB1DC2B2A3A53A000FC6C25 /* Frameworks */ = {
			isa = PBXFrameworksBuildPhase;
			buildActionMask = 2147483647;
			files = (
			);
			runOnlyForDeploymentPostprocessing = 0;
		};
		4FB1DC352A3A53A000FC6C25 /* Frameworks */ = {
			isa = PBXFrameworksBuildPhase;
			buildActionMask = 2147483647;
			files = (
			);
			runOnlyForDeploymentPostprocessing = 0;
		};
/* End PBXFrameworksBuildPhase section */

/* Begin PBXGroup section */
		4FA1AB472A43A531000A41DC /* Resources */ = {
			isa = PBXGroup;
			children = (
				4FA1AB482A43A53D000A41DC /* Fonts */,
			);
			path = Resources;
			sourceTree = "<group>";
		};
		4FA1AB482A43A53D000A41DC /* Fonts */ = {
			isa = PBXGroup;
			children = (
				4FA1AB722A44EEDD000A41DC /* San Francisco Pro Text */,
				4FA1AB492A43A559000A41DC /* San Francisco Pro Display */,
			);
			path = Fonts;
			sourceTree = "<group>";
		};
		4FA1AB492A43A559000A41DC /* San Francisco Pro Display */ = {
			isa = PBXGroup;
			children = (
				4FA1AB4A2A43A559000A41DC /* SF-Pro-Display-Thin.otf */,
				4FA1AB4B2A43A559000A41DC /* SF-Pro-Display-SemiboldItalic.otf */,
				4FA1AB4D2A43A559000A41DC /* SF-Pro-Display-RegularItalic.otf */,
				4FA1AB4E2A43A559000A41DC /* SF-Pro-Display-Light.otf */,
				4FA1AB4F2A43A559000A41DC /* SF-Pro-Display-Regular.otf */,
				4FA1AB502A43A559000A41DC /* SF-Pro-Display-Bold.otf */,
				4FA1AB512A43A559000A41DC /* SF-Pro-Display-Medium.otf */,
				4FA1AB522A43A559000A41DC /* SF-Pro-Display-Heavy.otf */,
				4FA1AB532A43A559000A41DC /* SF-Pro-Display-Semibold.otf */,
				4FA1AB542A43A559000A41DC /* SF-Pro-Display-MediumItalic.otf */,
				4FA1AB552A43A559000A41DC /* SF-Pro-Display-HeavyItalic.otf */,
				4FA1AB562A43A559000A41DC /* SF-Pro-Display-Ultralight.otf */,
				4FA1AB572A43A559000A41DC /* SF-Pro-Display-UltralightItalic.otf */,
				4FA1AB582A43A559000A41DC /* SF-Pro-Display-LightItalic.otf */,
				4FA1AB592A43A559000A41DC /* SF-Pro-Display-BlackItalic.otf */,
				4FA1AB5A2A43A559000A41DC /* SF-Pro-Display-Black.otf */,
				4FA1AB5C2A43A559000A41DC /* SF-Pro-Display-ThinItalic.otf */,
				4FA1AB5D2A43A559000A41DC /* SF-Pro-Display-BoldItalic.otf */,
			);
			path = "San Francisco Pro Display";
			sourceTree = "<group>";
		};
		4FA1AB722A44EEDD000A41DC /* San Francisco Pro Text */ = {
			isa = PBXGroup;
			children = (
				4FA1AB732A44EEDD000A41DC /* SFProText-Medium.ttf */,
				4FA1AB742A44EEDD000A41DC /* SFProText-Heavy.ttf */,
				4FA1AB762A44EEDD000A41DC /* SFProText-RegularItalic.ttf */,
				4FA1AB772A44EEDD000A41DC /* SFProText-Semibold.ttf */,
				4FA1AB782A44EEDD000A41DC /* SFProText-Regular.ttf */,
				4FA1AB792A44EEDD000A41DC /* SFProText-BoldItalic.ttf */,
				4FA1AB7A2A44EEDD000A41DC /* SFProText-MediumItalic.ttf */,
				4FA1AB7B2A44EEDD000A41DC /* SFProText-LightItalic.ttf */,
				4FA1AB7C2A44EEDD000A41DC /* SFProText-Light.ttf */,
				4FA1AB7D2A44EEDD000A41DC /* SFProText-HeavyItalic.ttf */,
				4FA1AB7E2A44EEDD000A41DC /* SFProText-SemiboldItalic.ttf */,
				4FA1AB802A44EEDD000A41DC /* SFProText-Bold.ttf */,
			);
			path = "San Francisco Pro Text";
			sourceTree = "<group>";
		};
		4FB1DC0F2A3A539E00FC6C25 = {
			isa = PBXGroup;
			children = (
				4FB1DC1A2A3A539E00FC6C25 /* TodoItem */,
				4FB1DC312A3A53A000FC6C25 /* TodoItemTests */,
				4FB1DC3B2A3A53A000FC6C25 /* TodoItemUITests */,
				4FB1DC192A3A539E00FC6C25 /* Products */,
			);
			sourceTree = "<group>";
		};
		4FB1DC192A3A539E00FC6C25 /* Products */ = {
			isa = PBXGroup;
			children = (
				4FB1DC182A3A539E00FC6C25 /* TodoItem.app */,
				4FB1DC2E2A3A53A000FC6C25 /* TodoItemTests.xctest */,
				4FB1DC382A3A53A000FC6C25 /* TodoItemUITests.xctest */,
			);
			name = Products;
			sourceTree = "<group>";
		};
		4FB1DC1A2A3A539E00FC6C25 /* TodoItem */ = {
			isa = PBXGroup;
			children = (
				4FA1ABF62A44FBEC000A41DC /* Main.storyboard */,
				4FA1AB8F2A44F0E9000A41DC /* Assets.xcassets */,
				4FA1AB472A43A531000A41DC /* Resources */,
				4FB1DC4F2A3B1FEB00FC6C25 /* FileCache.swift */,
				4FB1DC4B2A3A579500FC6C25 /* Models */,
				4FB1DC1B2A3A539E00FC6C25 /* AppDelegate.swift */,
				4FB1DC1D2A3A539E00FC6C25 /* SceneDelegate.swift */,
				4FB1DC1F2A3A539E00FC6C25 /* ViewController.swift */,
				4FB1DC262A3A53A000FC6C25 /* LaunchScreen.storyboard */,
				4FB1DC292A3A53A000FC6C25 /* Info.plist */,
			);
			path = TodoItem;
			sourceTree = "<group>";
		};
		4FB1DC312A3A53A000FC6C25 /* TodoItemTests */ = {
			isa = PBXGroup;
			children = (
				4FB1DC322A3A53A000FC6C25 /* TodoItemTests.swift */,
			);
			path = TodoItemTests;
			sourceTree = "<group>";
		};
		4FB1DC3B2A3A53A000FC6C25 /* TodoItemUITests */ = {
			isa = PBXGroup;
			children = (
				4FB1DC3C2A3A53A000FC6C25 /* TodoItemUITests.swift */,
				4FB1DC3E2A3A53A000FC6C25 /* TodoItemUITestsLaunchTests.swift */,
			);
			path = TodoItemUITests;
			sourceTree = "<group>";
		};
		4FB1DC4B2A3A579500FC6C25 /* Models */ = {
			isa = PBXGroup;
			children = (
				4FB1DC4C2A3A57AB00FC6C25 /* TodoItemModel.swift */,
			);
			path = Models;
			sourceTree = "<group>";
		};
/* End PBXGroup section */

/* Begin PBXNativeTarget section */
		4FB1DC172A3A539E00FC6C25 /* TodoItem */ = {
			isa = PBXNativeTarget;
			buildConfigurationList = 4FB1DC422A3A53A000FC6C25 /* Build configuration list for PBXNativeTarget "TodoItem" */;
			buildPhases = (
				4FB1DC142A3A539E00FC6C25 /* Sources */,
				4FB1DC152A3A539E00FC6C25 /* Frameworks */,
				4FB1DC162A3A539E00FC6C25 /* Resources */,
			);
			buildRules = (
			);
			dependencies = (
			);
			name = TodoItem;
			productName = TodoItem;
			productReference = 4FB1DC182A3A539E00FC6C25 /* TodoItem.app */;
			productType = "com.apple.product-type.application";
		};
		4FB1DC2D2A3A53A000FC6C25 /* TodoItemTests */ = {
			isa = PBXNativeTarget;
			buildConfigurationList = 4FB1DC452A3A53A000FC6C25 /* Build configuration list for PBXNativeTarget "TodoItemTests" */;
			buildPhases = (
				4FB1DC2A2A3A53A000FC6C25 /* Sources */,
				4FB1DC2B2A3A53A000FC6C25 /* Frameworks */,
				4FB1DC2C2A3A53A000FC6C25 /* Resources */,
			);
			buildRules = (
			);
			dependencies = (
				4FB1DC302A3A53A000FC6C25 /* PBXTargetDependency */,
			);
			name = TodoItemTests;
			productName = TodoItemTests;
			productReference = 4FB1DC2E2A3A53A000FC6C25 /* TodoItemTests.xctest */;
			productType = "com.apple.product-type.bundle.unit-test";
		};
		4FB1DC372A3A53A000FC6C25 /* TodoItemUITests */ = {
			isa = PBXNativeTarget;
			buildConfigurationList = 4FB1DC482A3A53A000FC6C25 /* Build configuration list for PBXNativeTarget "TodoItemUITests" */;
			buildPhases = (
				4FB1DC342A3A53A000FC6C25 /* Sources */,
				4FB1DC352A3A53A000FC6C25 /* Frameworks */,
				4FB1DC362A3A53A000FC6C25 /* Resources */,
			);
			buildRules = (
			);
			dependencies = (
				4FB1DC3A2A3A53A000FC6C25 /* PBXTargetDependency */,
			);
			name = TodoItemUITests;
			productName = TodoItemUITests;
			productReference = 4FB1DC382A3A53A000FC6C25 /* TodoItemUITests.xctest */;
			productType = "com.apple.product-type.bundle.ui-testing";
		};
/* End PBXNativeTarget section */

/* Begin PBXProject section */
		4FB1DC102A3A539E00FC6C25 /* Project object */ = {
			isa = PBXProject;
			attributes = {
				BuildIndependentTargetsInParallel = 1;
				LastSwiftUpdateCheck = 1430;
				LastUpgradeCheck = 1430;
				TargetAttributes = {
					4FB1DC172A3A539E00FC6C25 = {
						CreatedOnToolsVersion = 14.3.1;
					};
					4FB1DC2D2A3A53A000FC6C25 = {
						CreatedOnToolsVersion = 14.3.1;
						TestTargetID = 4FB1DC172A3A539E00FC6C25;
					};
					4FB1DC372A3A53A000FC6C25 = {
						CreatedOnToolsVersion = 14.3.1;
						TestTargetID = 4FB1DC172A3A539E00FC6C25;
					};
				};
			};
			buildConfigurationList = 4FB1DC132A3A539E00FC6C25 /* Build configuration list for PBXProject "TodoItem" */;
			compatibilityVersion = "Xcode 14.0";
			developmentRegion = en;
			hasScannedForEncodings = 0;
			knownRegions = (
				en,
				Base,
			);
			mainGroup = 4FB1DC0F2A3A539E00FC6C25;
			productRefGroup = 4FB1DC192A3A539E00FC6C25 /* Products */;
			projectDirPath = "";
			projectRoot = "";
			targets = (
				4FB1DC172A3A539E00FC6C25 /* TodoItem */,
				4FB1DC2D2A3A53A000FC6C25 /* TodoItemTests */,
				4FB1DC372A3A53A000FC6C25 /* TodoItemUITests */,
			);
		};
/* End PBXProject section */

/* Begin PBXResourcesBuildPhase section */
		4FB1DC162A3A539E00FC6C25 /* Resources */ = {
			isa = PBXResourcesBuildPhase;
			buildActionMask = 2147483647;
			files = (
				4FA1AB672A43A559000A41DC /* SF-Pro-Display-Semibold.otf in Resources */,
				4FA1AB5E2A43A559000A41DC /* SF-Pro-Display-Thin.otf in Resources */,
				4FB1DC282A3A53A000FC6C25 /* LaunchScreen.storyboard in Resources */,
				4FA1AB842A44EEDD000A41DC /* SFProText-RegularItalic.ttf in Resources */,
				4FA1AB892A44EEDD000A41DC /* SFProText-LightItalic.ttf in Resources */,
				4FA1AB612A43A559000A41DC /* SF-Pro-Display-RegularItalic.otf in Resources */,
				4FA1AB862A44EEDD000A41DC /* SFProText-Regular.ttf in Resources */,
				4FA1AB8E2A44EEDD000A41DC /* SFProText-Bold.ttf in Resources */,
				4FA1AB692A43A559000A41DC /* SF-Pro-Display-HeavyItalic.otf in Resources */,
				4FA1AB682A43A559000A41DC /* SF-Pro-Display-MediumItalic.otf in Resources */,
				4FA1AB6E2A43A559000A41DC /* SF-Pro-Display-Black.otf in Resources */,
				4FA1AB882A44EEDD000A41DC /* SFProText-MediumItalic.ttf in Resources */,
				4FA1AB6C2A43A559000A41DC /* SF-Pro-Display-LightItalic.otf in Resources */,
				4FA1AB902A44F0E9000A41DC /* Assets.xcassets in Resources */,
				4FA1AB652A43A559000A41DC /* SF-Pro-Display-Medium.otf in Resources */,
				4FA1AB642A43A559000A41DC /* SF-Pro-Display-Bold.otf in Resources */,
				4FA1AB8A2A44EEDD000A41DC /* SFProText-Light.ttf in Resources */,
				4FA1AB872A44EEDD000A41DC /* SFProText-BoldItalic.ttf in Resources */,
				4FA1AB6A2A43A559000A41DC /* SF-Pro-Display-Ultralight.otf in Resources */,
				4FA1AB622A43A559000A41DC /* SF-Pro-Display-Light.otf in Resources */,
				4FA1AB712A43A559000A41DC /* SF-Pro-Display-BoldItalic.otf in Resources */,
				4FA1AB822A44EEDD000A41DC /* SFProText-Heavy.ttf in Resources */,
				4FA1AB8B2A44EEDD000A41DC /* SFProText-HeavyItalic.ttf in Resources */,
				4FA1AB632A43A559000A41DC /* SF-Pro-Display-Regular.otf in Resources */,
				4FA1AB852A44EEDD000A41DC /* SFProText-Semibold.ttf in Resources */,
				4FA1AB8C2A44EEDD000A41DC /* SFProText-SemiboldItalic.ttf in Resources */,
				4FA1AB812A44EEDD000A41DC /* SFProText-Medium.ttf in Resources */,
				4FA1ABF82A44FBEC000A41DC /* Main.storyboard in Resources */,
				4FA1AB6D2A43A559000A41DC /* SF-Pro-Display-BlackItalic.otf in Resources */,
				4FA1AB6B2A43A559000A41DC /* SF-Pro-Display-UltralightItalic.otf in Resources */,
				4FA1AB5F2A43A559000A41DC /* SF-Pro-Display-SemiboldItalic.otf in Resources */,
				4FA1AB702A43A559000A41DC /* SF-Pro-Display-ThinItalic.otf in Resources */,
				4FA1AB662A43A559000A41DC /* SF-Pro-Display-Heavy.otf in Resources */,
			);
			runOnlyForDeploymentPostprocessing = 0;
		};
		4FB1DC2C2A3A53A000FC6C25 /* Resources */ = {
			isa = PBXResourcesBuildPhase;
			buildActionMask = 2147483647;
			files = (
			);
			runOnlyForDeploymentPostprocessing = 0;
		};
		4FB1DC362A3A53A000FC6C25 /* Resources */ = {
			isa = PBXResourcesBuildPhase;
			buildActionMask = 2147483647;
			files = (
			);
			runOnlyForDeploymentPostprocessing = 0;
		};
/* End PBXResourcesBuildPhase section */

/* Begin PBXSourcesBuildPhase section */
		4FB1DC142A3A539E00FC6C25 /* Sources */ = {
			isa = PBXSourcesBuildPhase;
			buildActionMask = 2147483647;
			files = (
				4FB1DC202A3A539E00FC6C25 /* ViewController.swift in Sources */,
				4FB1DC1C2A3A539E00FC6C25 /* AppDelegate.swift in Sources */,
				4FB1DC4D2A3A57AB00FC6C25 /* TodoItemModel.swift in Sources */,
				4FB1DC502A3B1FEB00FC6C25 /* FileCache.swift in Sources */,
				4FB1DC1E2A3A539E00FC6C25 /* SceneDelegate.swift in Sources */,
			);
			runOnlyForDeploymentPostprocessing = 0;
		};
		4FB1DC2A2A3A53A000FC6C25 /* Sources */ = {
			isa = PBXSourcesBuildPhase;
			buildActionMask = 2147483647;
			files = (
				4FB1DC332A3A53A000FC6C25 /* TodoItemTests.swift in Sources */,
			);
			runOnlyForDeploymentPostprocessing = 0;
		};
		4FB1DC342A3A53A000FC6C25 /* Sources */ = {
			isa = PBXSourcesBuildPhase;
			buildActionMask = 2147483647;
			files = (
				4FB1DC3F2A3A53A000FC6C25 /* TodoItemUITestsLaunchTests.swift in Sources */,
				4FB1DC3D2A3A53A000FC6C25 /* TodoItemUITests.swift in Sources */,
			);
			runOnlyForDeploymentPostprocessing = 0;
		};
/* End PBXSourcesBuildPhase section */

/* Begin PBXTargetDependency section */
		4FB1DC302A3A53A000FC6C25 /* PBXTargetDependency */ = {
			isa = PBXTargetDependency;
			target = 4FB1DC172A3A539E00FC6C25 /* TodoItem */;
			targetProxy = 4FB1DC2F2A3A53A000FC6C25 /* PBXContainerItemProxy */;
		};
		4FB1DC3A2A3A53A000FC6C25 /* PBXTargetDependency */ = {
			isa = PBXTargetDependency;
			target = 4FB1DC172A3A539E00FC6C25 /* TodoItem */;
			targetProxy = 4FB1DC392A3A53A000FC6C25 /* PBXContainerItemProxy */;
		};
/* End PBXTargetDependency section */

/* Begin PBXVariantGroup section */
		4FA1ABF62A44FBEC000A41DC /* Main.storyboard */ = {
			isa = PBXVariantGroup;
			children = (
				4FA1ABF72A44FBEC000A41DC /* Base */,
			);
			name = Main.storyboard;
			sourceTree = "<group>";
		};
		4FB1DC262A3A53A000FC6C25 /* LaunchScreen.storyboard */ = {
			isa = PBXVariantGroup;
			children = (
				4FB1DC272A3A53A000FC6C25 /* Base */,
			);
			name = LaunchScreen.storyboard;
			sourceTree = "<group>";
		};
/* End PBXVariantGroup section */

/* Begin XCBuildConfiguration section */
		4FB1DC402A3A53A000FC6C25 /* Debug */ = {
			isa = XCBuildConfiguration;
			buildSettings = {
				ALWAYS_SEARCH_USER_PATHS = NO;
				CLANG_ANALYZER_NONNULL = YES;
				CLANG_ANALYZER_NUMBER_OBJECT_CONVERSION = YES_AGGRESSIVE;
				CLANG_CXX_LANGUAGE_STANDARD = "gnu++20";
				CLANG_ENABLE_MODULES = YES;
				CLANG_ENABLE_OBJC_ARC = YES;
				CLANG_ENABLE_OBJC_WEAK = YES;
				CLANG_WARN_BLOCK_CAPTURE_AUTORELEASING = YES;
				CLANG_WARN_BOOL_CONVERSION = YES;
				CLANG_WARN_COMMA = YES;
				CLANG_WARN_CONSTANT_CONVERSION = YES;
				CLANG_WARN_DEPRECATED_OBJC_IMPLEMENTATIONS = YES;
				CLANG_WARN_DIRECT_OBJC_ISA_USAGE = YES_ERROR;
				CLANG_WARN_DOCUMENTATION_COMMENTS = YES;
				CLANG_WARN_EMPTY_BODY = YES;
				CLANG_WARN_ENUM_CONVERSION = YES;
				CLANG_WARN_INFINITE_RECURSION = YES;
				CLANG_WARN_INT_CONVERSION = YES;
				CLANG_WARN_NON_LITERAL_NULL_CONVERSION = YES;
				CLANG_WARN_OBJC_IMPLICIT_RETAIN_SELF = YES;
				CLANG_WARN_OBJC_LITERAL_CONVERSION = YES;
				CLANG_WARN_OBJC_ROOT_CLASS = YES_ERROR;
				CLANG_WARN_QUOTED_INCLUDE_IN_FRAMEWORK_HEADER = YES;
				CLANG_WARN_RANGE_LOOP_ANALYSIS = YES;
				CLANG_WARN_STRICT_PROTOTYPES = YES;
				CLANG_WARN_SUSPICIOUS_MOVE = YES;
				CLANG_WARN_UNGUARDED_AVAILABILITY = YES_AGGRESSIVE;
				CLANG_WARN_UNREACHABLE_CODE = YES;
				CLANG_WARN__DUPLICATE_METHOD_MATCH = YES;
				COPY_PHASE_STRIP = NO;
				DEBUG_INFORMATION_FORMAT = dwarf;
				ENABLE_STRICT_OBJC_MSGSEND = YES;
				ENABLE_TESTABILITY = YES;
				GCC_C_LANGUAGE_STANDARD = gnu11;
				GCC_DYNAMIC_NO_PIC = NO;
				GCC_NO_COMMON_BLOCKS = YES;
				GCC_OPTIMIZATION_LEVEL = 0;
				GCC_PREPROCESSOR_DEFINITIONS = (
					"DEBUG=1",
					"$(inherited)",
				);
				GCC_WARN_64_TO_32_BIT_CONVERSION = YES;
				GCC_WARN_ABOUT_RETURN_TYPE = YES_ERROR;
				GCC_WARN_UNDECLARED_SELECTOR = YES;
				GCC_WARN_UNINITIALIZED_AUTOS = YES_AGGRESSIVE;
				GCC_WARN_UNUSED_FUNCTION = YES;
				GCC_WARN_UNUSED_VARIABLE = YES;
				IPHONEOS_DEPLOYMENT_TARGET = 16.4;
				MTL_ENABLE_DEBUG_INFO = INCLUDE_SOURCE;
				MTL_FAST_MATH = YES;
				ONLY_ACTIVE_ARCH = YES;
				SDKROOT = iphoneos;
				SWIFT_ACTIVE_COMPILATION_CONDITIONS = DEBUG;
				SWIFT_OPTIMIZATION_LEVEL = "-Onone";
			};
			name = Debug;
		};
		4FB1DC412A3A53A000FC6C25 /* Release */ = {
			isa = XCBuildConfiguration;
			buildSettings = {
				ALWAYS_SEARCH_USER_PATHS = NO;
				CLANG_ANALYZER_NONNULL = YES;
				CLANG_ANALYZER_NUMBER_OBJECT_CONVERSION = YES_AGGRESSIVE;
				CLANG_CXX_LANGUAGE_STANDARD = "gnu++20";
				CLANG_ENABLE_MODULES = YES;
				CLANG_ENABLE_OBJC_ARC = YES;
				CLANG_ENABLE_OBJC_WEAK = YES;
				CLANG_WARN_BLOCK_CAPTURE_AUTORELEASING = YES;
				CLANG_WARN_BOOL_CONVERSION = YES;
				CLANG_WARN_COMMA = YES;
				CLANG_WARN_CONSTANT_CONVERSION = YES;
				CLANG_WARN_DEPRECATED_OBJC_IMPLEMENTATIONS = YES;
				CLANG_WARN_DIRECT_OBJC_ISA_USAGE = YES_ERROR;
				CLANG_WARN_DOCUMENTATION_COMMENTS = YES;
				CLANG_WARN_EMPTY_BODY = YES;
				CLANG_WARN_ENUM_CONVERSION = YES;
				CLANG_WARN_INFINITE_RECURSION = YES;
				CLANG_WARN_INT_CONVERSION = YES;
				CLANG_WARN_NON_LITERAL_NULL_CONVERSION = YES;
				CLANG_WARN_OBJC_IMPLICIT_RETAIN_SELF = YES;
				CLANG_WARN_OBJC_LITERAL_CONVERSION = YES;
				CLANG_WARN_OBJC_ROOT_CLASS = YES_ERROR;
				CLANG_WARN_QUOTED_INCLUDE_IN_FRAMEWORK_HEADER = YES;
				CLANG_WARN_RANGE_LOOP_ANALYSIS = YES;
				CLANG_WARN_STRICT_PROTOTYPES = YES;
				CLANG_WARN_SUSPICIOUS_MOVE = YES;
				CLANG_WARN_UNGUARDED_AVAILABILITY = YES_AGGRESSIVE;
				CLANG_WARN_UNREACHABLE_CODE = YES;
				CLANG_WARN__DUPLICATE_METHOD_MATCH = YES;
				COPY_PHASE_STRIP = NO;
				DEBUG_INFORMATION_FORMAT = "dwarf-with-dsym";
				ENABLE_NS_ASSERTIONS = NO;
				ENABLE_STRICT_OBJC_MSGSEND = YES;
				GCC_C_LANGUAGE_STANDARD = gnu11;
				GCC_NO_COMMON_BLOCKS = YES;
				GCC_WARN_64_TO_32_BIT_CONVERSION = YES;
				GCC_WARN_ABOUT_RETURN_TYPE = YES_ERROR;
				GCC_WARN_UNDECLARED_SELECTOR = YES;
				GCC_WARN_UNINITIALIZED_AUTOS = YES_AGGRESSIVE;
				GCC_WARN_UNUSED_FUNCTION = YES;
				GCC_WARN_UNUSED_VARIABLE = YES;
				IPHONEOS_DEPLOYMENT_TARGET = 16.4;
				MTL_ENABLE_DEBUG_INFO = NO;
				MTL_FAST_MATH = YES;
				SDKROOT = iphoneos;
				SWIFT_COMPILATION_MODE = wholemodule;
				SWIFT_OPTIMIZATION_LEVEL = "-O";
				VALIDATE_PRODUCT = YES;
			};
			name = Release;
		};
		4FB1DC432A3A53A000FC6C25 /* Debug */ = {
			isa = XCBuildConfiguration;
			buildSettings = {
				ASSETCATALOG_COMPILER_APPICON_NAME = AppIcon;
				ASSETCATALOG_COMPILER_GLOBAL_ACCENT_COLOR_NAME = AccentColor;
				CODE_SIGN_STYLE = Automatic;
				CURRENT_PROJECT_VERSION = 1;
				GENERATE_INFOPLIST_FILE = YES;
				INFOPLIST_FILE = TodoItem/Info.plist;
				INFOPLIST_KEY_UIApplicationSupportsIndirectInputEvents = YES;
				INFOPLIST_KEY_UILaunchStoryboardName = LaunchScreen;
				INFOPLIST_KEY_UIMainStoryboardFile = Main;
				INFOPLIST_KEY_UISupportedInterfaceOrientations_iPad = "UIInterfaceOrientationPortrait UIInterfaceOrientationPortraitUpsideDown UIInterfaceOrientationLandscapeLeft UIInterfaceOrientationLandscapeRight";
				INFOPLIST_KEY_UISupportedInterfaceOrientations_iPhone = "UIInterfaceOrientationPortrait UIInterfaceOrientationLandscapeLeft UIInterfaceOrientationLandscapeRight";
				LD_RUNPATH_SEARCH_PATHS = (
					"$(inherited)",
					"@executable_path/Frameworks",
				);
				MARKETING_VERSION = 1.0;
				PRODUCT_BUNDLE_IDENTIFIER = ru.yandex.practicum.TodoItem;
				PRODUCT_NAME = "$(TARGET_NAME)";
				SWIFT_EMIT_LOC_STRINGS = YES;
				SWIFT_VERSION = 5.0;
				TARGETED_DEVICE_FAMILY = "1,2";
			};
			name = Debug;
		};
		4FB1DC442A3A53A000FC6C25 /* Release */ = {
			isa = XCBuildConfiguration;
			buildSettings = {
				ASSETCATALOG_COMPILER_APPICON_NAME = AppIcon;
				ASSETCATALOG_COMPILER_GLOBAL_ACCENT_COLOR_NAME = AccentColor;
				CODE_SIGN_STYLE = Automatic;
				CURRENT_PROJECT_VERSION = 1;
				GENERATE_INFOPLIST_FILE = YES;
				INFOPLIST_FILE = TodoItem/Info.plist;
				INFOPLIST_KEY_UIApplicationSupportsIndirectInputEvents = YES;
				INFOPLIST_KEY_UILaunchStoryboardName = LaunchScreen;
				INFOPLIST_KEY_UIMainStoryboardFile = Main;
				INFOPLIST_KEY_UISupportedInterfaceOrientations_iPad = "UIInterfaceOrientationPortrait UIInterfaceOrientationPortraitUpsideDown UIInterfaceOrientationLandscapeLeft UIInterfaceOrientationLandscapeRight";
				INFOPLIST_KEY_UISupportedInterfaceOrientations_iPhone = "UIInterfaceOrientationPortrait UIInterfaceOrientationLandscapeLeft UIInterfaceOrientationLandscapeRight";
				LD_RUNPATH_SEARCH_PATHS = (
					"$(inherited)",
					"@executable_path/Frameworks",
				);
				MARKETING_VERSION = 1.0;
				PRODUCT_BUNDLE_IDENTIFIER = ru.yandex.practicum.TodoItem;
				PRODUCT_NAME = "$(TARGET_NAME)";
				SWIFT_EMIT_LOC_STRINGS = YES;
				SWIFT_VERSION = 5.0;
				TARGETED_DEVICE_FAMILY = "1,2";
			};
			name = Release;
		};
		4FB1DC462A3A53A000FC6C25 /* Debug */ = {
			isa = XCBuildConfiguration;
			buildSettings = {
				ALWAYS_EMBED_SWIFT_STANDARD_LIBRARIES = YES;
				BUNDLE_LOADER = "$(TEST_HOST)";
				CODE_SIGN_STYLE = Automatic;
				CURRENT_PROJECT_VERSION = 1;
				GENERATE_INFOPLIST_FILE = YES;
				IPHONEOS_DEPLOYMENT_TARGET = 16.4;
				MARKETING_VERSION = 1.0;
				PRODUCT_BUNDLE_IDENTIFIER = ru.yandex.practicum.TodoItemTests;
				PRODUCT_NAME = "$(TARGET_NAME)";
				SWIFT_EMIT_LOC_STRINGS = NO;
				SWIFT_VERSION = 5.0;
				TARGETED_DEVICE_FAMILY = "1,2";
				TEST_HOST = "$(BUILT_PRODUCTS_DIR)/TodoItem.app/$(BUNDLE_EXECUTABLE_FOLDER_PATH)/TodoItem";
			};
			name = Debug;
		};
		4FB1DC472A3A53A000FC6C25 /* Release */ = {
			isa = XCBuildConfiguration;
			buildSettings = {
				ALWAYS_EMBED_SWIFT_STANDARD_LIBRARIES = YES;
				BUNDLE_LOADER = "$(TEST_HOST)";
				CODE_SIGN_STYLE = Automatic;
				CURRENT_PROJECT_VERSION = 1;
				GENERATE_INFOPLIST_FILE = YES;
				IPHONEOS_DEPLOYMENT_TARGET = 16.4;
				MARKETING_VERSION = 1.0;
				PRODUCT_BUNDLE_IDENTIFIER = ru.yandex.practicum.TodoItemTests;
				PRODUCT_NAME = "$(TARGET_NAME)";
				SWIFT_EMIT_LOC_STRINGS = NO;
				SWIFT_VERSION = 5.0;
				TARGETED_DEVICE_FAMILY = "1,2";
				TEST_HOST = "$(BUILT_PRODUCTS_DIR)/TodoItem.app/$(BUNDLE_EXECUTABLE_FOLDER_PATH)/TodoItem";
			};
			name = Release;
		};
		4FB1DC492A3A53A000FC6C25 /* Debug */ = {
			isa = XCBuildConfiguration;
			buildSettings = {
				ALWAYS_EMBED_SWIFT_STANDARD_LIBRARIES = YES;
				CODE_SIGN_STYLE = Automatic;
				CURRENT_PROJECT_VERSION = 1;
				GENERATE_INFOPLIST_FILE = YES;
				MARKETING_VERSION = 1.0;
				PRODUCT_BUNDLE_IDENTIFIER = ru.yandex.practicum.TodoItemUITests;
				PRODUCT_NAME = "$(TARGET_NAME)";
				SWIFT_EMIT_LOC_STRINGS = NO;
				SWIFT_VERSION = 5.0;
				TARGETED_DEVICE_FAMILY = "1,2";
				TEST_TARGET_NAME = TodoItem;
			};
			name = Debug;
		};
		4FB1DC4A2A3A53A000FC6C25 /* Release */ = {
			isa = XCBuildConfiguration;
			buildSettings = {
				ALWAYS_EMBED_SWIFT_STANDARD_LIBRARIES = YES;
				CODE_SIGN_STYLE = Automatic;
				CURRENT_PROJECT_VERSION = 1;
				GENERATE_INFOPLIST_FILE = YES;
				MARKETING_VERSION = 1.0;
				PRODUCT_BUNDLE_IDENTIFIER = ru.yandex.practicum.TodoItemUITests;
				PRODUCT_NAME = "$(TARGET_NAME)";
				SWIFT_EMIT_LOC_STRINGS = NO;
				SWIFT_VERSION = 5.0;
				TARGETED_DEVICE_FAMILY = "1,2";
				TEST_TARGET_NAME = TodoItem;
			};
			name = Release;
		};
/* End XCBuildConfiguration section */

/* Begin XCConfigurationList section */
		4FB1DC132A3A539E00FC6C25 /* Build configuration list for PBXProject "TodoItem" */ = {
			isa = XCConfigurationList;
			buildConfigurations = (
				4FB1DC402A3A53A000FC6C25 /* Debug */,
				4FB1DC412A3A53A000FC6C25 /* Release */,
			);
			defaultConfigurationIsVisible = 0;
			defaultConfigurationName = Release;
		};
		4FB1DC422A3A53A000FC6C25 /* Build configuration list for PBXNativeTarget "TodoItem" */ = {
			isa = XCConfigurationList;
			buildConfigurations = (
				4FB1DC432A3A53A000FC6C25 /* Debug */,
				4FB1DC442A3A53A000FC6C25 /* Release */,
			);
			defaultConfigurationIsVisible = 0;
			defaultConfigurationName = Release;
		};
		4FB1DC452A3A53A000FC6C25 /* Build configuration list for PBXNativeTarget "TodoItemTests" */ = {
			isa = XCConfigurationList;
			buildConfigurations = (
				4FB1DC462A3A53A000FC6C25 /* Debug */,
				4FB1DC472A3A53A000FC6C25 /* Release */,
			);
			defaultConfigurationIsVisible = 0;
			defaultConfigurationName = Release;
		};
		4FB1DC482A3A53A000FC6C25 /* Build configuration list for PBXNativeTarget "TodoItemUITests" */ = {
			isa = XCConfigurationList;
			buildConfigurations = (
				4FB1DC492A3A53A000FC6C25 /* Debug */,
				4FB1DC4A2A3A53A000FC6C25 /* Release */,
			);
			defaultConfigurationIsVisible = 0;
			defaultConfigurationName = Release;
		};
/* End XCConfigurationList section */
	};
	rootObject = 4FB1DC102A3A539E00FC6C25 /* Project object */;
}
